
Microsoft Visual Studio Solution File, Format Version 12.00
# Visual Studio Express 2013 for Windows Desktop
VisualStudioVersion = 12.0.30501.0
MinimumVisualStudioVersion = 10.0.40219.1
Project("{8BC9CEB8-8B4A-11D0-8D11-00A0C91BC942}") = "SequenceLogLib", "SequenceLogLib.vcxproj", "{603EC08B-A59A-49F9-93C1-ABE2A82A9B3B}"
EndProject
Project("{8BC9CEB8-8B4A-11D0-8D11-00A0C91BC942}") = "test", "test\test.vcxproj", "{4F52E5B0-7F08-4203-B3D5-9DFCA44D11DE}"
EndProject
Global
	GlobalSection(SolutionConfigurationPlatforms) = preSolution
		Debug|Win32 = Debug|Win32
		Debug|x64 = Debug|x64
		Debug-dll|Win32 = Debug-dll|Win32
		Debug-dll|x64 = Debug-dll|x64
		Release|Win32 = Release|Win32
		Release|x64 = Release|x64
		Release-dll|Win32 = Release-dll|Win32
		Release-dll|x64 = Release-dll|x64
	EndGlobalSection
	GlobalSection(ProjectConfigurationPlatforms) = postSolution
		{603EC08B-A59A-49F9-93C1-ABE2A82A9B3B}.Debug|Win32.ActiveCfg = Debug-dll|Win32
		{603EC08B-A59A-49F9-93C1-ABE2A82A9B3B}.Debug|Win32.Build.0 = Debug-dll|Win32
		{603EC08B-A59A-49F9-93C1-ABE2A82A9B3B}.Debug|x64.ActiveCfg = Debug-dll|x64
		{603EC08B-A59A-49F9-93C1-ABE2A82A9B3B}.Debug|x64.Build.0 = Debug-dll|x64
		{603EC08B-A59A-49F9-93C1-ABE2A82A9B3B}.Debug-dll|Win32.ActiveCfg = Debug-dll|Win32
		{603EC08B-A59A-49F9-93C1-ABE2A82A9B3B}.Debug-dll|Win32.Build.0 = Debug-dll|Win32
		{603EC08B-A59A-49F9-93C1-ABE2A82A9B3B}.Debug-dll|x64.ActiveCfg = Debug-dll|x64
		{603EC08B-A59A-49F9-93C1-ABE2A82A9B3B}.Debug-dll|x64.Build.0 = Debug-dll|x64
		{603EC08B-A59A-49F9-93C1-ABE2A82A9B3B}.Release|Win32.ActiveCfg = Release-dll|Win32
		{603EC08B-A59A-49F9-93C1-ABE2A82A9B3B}.Release|Win32.Build.0 = Release-dll|Win32
		{603EC08B-A59A-49F9-93C1-ABE2A82A9B3B}.Release|x64.ActiveCfg = Release-dll|x64
		{603EC08B-A59A-49F9-93C1-ABE2A82A9B3B}.Release|x64.Build.0 = Release-dll|x64
		{603EC08B-A59A-49F9-93C1-ABE2A82A9B3B}.Release-dll|Win32.ActiveCfg = Release-dll|Win32
		{603EC08B-A59A-49F9-93C1-ABE2A82A9B3B}.Release-dll|Win32.Build.0 = Release-dll|Win32
		{603EC08B-A59A-49F9-93C1-ABE2A82A9B3B}.Release-dll|x64.ActiveCfg = Release-dll|x64
		{603EC08B-A59A-49F9-93C1-ABE2A82A9B3B}.Release-dll|x64.Build.0 = Release-dll|x64
		{4F52E5B0-7F08-4203-B3D5-9DFCA44D11DE}.Debug|Win32.ActiveCfg = Debug|Win32
		{4F52E5B0-7F08-4203-B3D5-9DFCA44D11DE}.Debug|Win32.Build.0 = Debug|Win32
		{4F52E5B0-7F08-4203-B3D5-9DFCA44D11DE}.Debug|x64.ActiveCfg = Debug|Win32
		{4F52E5B0-7F08-4203-B3D5-9DFCA44D11DE}.Debug-dll|Win32.ActiveCfg = Debug|Win32
		{4F52E5B0-7F08-4203-B3D5-9DFCA44D11DE}.Debug-dll|Win32.Build.0 = Debug|Win32
		{4F52E5B0-7F08-4203-B3D5-9DFCA44D11DE}.Debug-dll|x64.ActiveCfg = Debug|Win32
		{4F52E5B0-7F08-4203-B3D5-9DFCA44D11DE}.Release|Win32.ActiveCfg = Release|Win32
		{4F52E5B0-7F08-4203-B3D5-9DFCA44D11DE}.Release|Win32.Build.0 = Release|Win32
		{4F52E5B0-7F08-4203-B3D5-9DFCA44D11DE}.Release|x64.ActiveCfg = Release|Win32
		{4F52E5B0-7F08-4203-B3D5-9DFCA44D11DE}.Release-dll|Win32.ActiveCfg = Release|Win32
		{4F52E5B0-7F08-4203-B3D5-9DFCA44D11DE}.Release-dll|Win32.Build.0 = Release|Win32
		{4F52E5B0-7F08-4203-B3D5-9DFCA44D11DE}.Release-dll|x64.ActiveCfg = Release|Win32
	EndGlobalSection
	GlobalSection(SolutionProperties) = preSolution
		HideSolutionNode = FALSE
	EndGlobalSection
EndGlobal
