
Microsoft Visual Studio Solution File, Format Version 10.00
# Visual Studio 2008
Project("{FAE04EC0-301F-11D3-BF4B-00C04F79EFBC}") = "SequenceLogId", "SequenceLogId.csproj", "{062E7ADF-C242-4F84-B91B-2F0999712399}"
EndProject
Global
	GlobalSection(SolutionConfigurationPlatforms) = preSolution
		Debug|Any CPU = Debug|Any CPU
		Release|Any CPU = Release|Any CPU
	EndGlobalSection
	GlobalSection(ProjectConfigurationPlatforms) = postSolution
		{062E7ADF-C242-4F84-B91B-2F0999712399}.Debug|Any CPU.ActiveCfg = Debug|Any CPU
		{062E7ADF-C242-4F84-B91B-2F0999712399}.Debug|Any CPU.Build.0 = Debug|Any CPU
		{062E7ADF-C242-4F84-B91B-2F0999712399}.Release|Any CPU.ActiveCfg = Release|Any CPU
		{062E7ADF-C242-4F84-B91B-2F0999712399}.Release|Any CPU.Build.0 = Release|Any CPU
	EndGlobalSection
	GlobalSection(SolutionProperties) = preSolution
		HideSolutionNode = FALSE
	EndGlobalSection
EndGlobal
